// !$*UTF8*$!
{
	archiveVersion = 1;
	classes = {
	};
	objectVersion = 50;
	objects = {

/* Begin PBXBuildFile section */
		D456542727269284001194FA /* InfoTableViewCell.swift in Sources */ = {isa = PBXBuildFile; fileRef = D456542627269284001194FA /* InfoTableViewCell.swift */; };
		D459CEE827252CBB000B8FDA /* PersonInfo.swift in Sources */ = {isa = PBXBuildFile; fileRef = D459CEE727252CBB000B8FDA /* PersonInfo.swift */; };
		D459CEEA27252D79000B8FDA /* CommentInfo.swift in Sources */ = {isa = PBXBuildFile; fileRef = D459CEE927252D79000B8FDA /* CommentInfo.swift */; };
		D459CEEC2725328D000B8FDA /* InfoTableViewController.swift in Sources */ = {isa = PBXBuildFile; fileRef = D459CEEB2725328D000B8FDA /* InfoTableViewController.swift */; };
		D483C3C02722B643000E9DBE /* AppDelegate.swift in Sources */ = {isa = PBXBuildFile; fileRef = D483C3BF2722B643000E9DBE /* AppDelegate.swift */; };
		D483C3C22722B643000E9DBE /* SceneDelegate.swift in Sources */ = {isa = PBXBuildFile; fileRef = D483C3C12722B643000E9DBE /* SceneDelegate.swift */; };
		D483C3C42722B643000E9DBE /* ViewController.swift in Sources */ = {isa = PBXBuildFile; fileRef = D483C3C32722B643000E9DBE /* ViewController.swift */; };
		D483C3C72722B643000E9DBE /* Main.storyboard in Resources */ = {isa = PBXBuildFile; fileRef = D483C3C52722B643000E9DBE /* Main.storyboard */; };
		D483C3CA2722B643000E9DBE /* DataModel.xcdatamodeld in Sources */ = {isa = PBXBuildFile; fileRef = D483C3C82722B643000E9DBE /* DataModel.xcdatamodeld */; };
		D483C3CC2722B649000E9DBE /* Assets.xcassets in Resources */ = {isa = PBXBuildFile; fileRef = D483C3CB2722B649000E9DBE /* Assets.xcassets */; };
		D483C3CF2722B649000E9DBE /* LaunchScreen.storyboard in Resources */ = {isa = PBXBuildFile; fileRef = D483C3CD2722B649000E9DBE /* LaunchScreen.storyboard */; };
		D483C3D72722C42B000E9DBE /* Comment.swift in Sources */ = {isa = PBXBuildFile; fileRef = D483C3D62722C42B000E9DBE /* Comment.swift */; };
		D483C3D92722C44B000E9DBE /* Person.swift in Sources */ = {isa = PBXBuildFile; fileRef = D483C3D82722C44B000E9DBE /* Person.swift */; };
/* End PBXBuildFile section */

/* Begin PBXFileReference section */
		D456542627269284001194FA /* InfoTableViewCell.swift */ = {isa = PBXFileReference; lastKnownFileType = sourcecode.swift; path = InfoTableViewCell.swift; sourceTree = "<group>"; };
		D459CEE727252CBB000B8FDA /* PersonInfo.swift */ = {isa = PBXFileReference; lastKnownFileType = sourcecode.swift; path = PersonInfo.swift; sourceTree = "<group>"; };
		D459CEE927252D79000B8FDA /* CommentInfo.swift */ = {isa = PBXFileReference; lastKnownFileType = sourcecode.swift; path = CommentInfo.swift; sourceTree = "<group>"; };
		D459CEEB2725328D000B8FDA /* InfoTableViewController.swift */ = {isa = PBXFileReference; lastKnownFileType = sourcecode.swift; path = InfoTableViewController.swift; sourceTree = "<group>"; };
		D483C3BC2722B643000E9DBE /* CoreDataPractice.app */ = {isa = PBXFileReference; explicitFileType = wrapper.application; includeInIndex = 0; path = CoreDataPractice.app; sourceTree = BUILT_PRODUCTS_DIR; };
		D483C3BF2722B643000E9DBE /* AppDelegate.swift */ = {isa = PBXFileReference; lastKnownFileType = sourcecode.swift; path = AppDelegate.swift; sourceTree = "<group>"; };
		D483C3C12722B643000E9DBE /* SceneDelegate.swift */ = {isa = PBXFileReference; lastKnownFileType = sourcecode.swift; path = SceneDelegate.swift; sourceTree = "<group>"; };
		D483C3C32722B643000E9DBE /* ViewController.swift */ = {isa = PBXFileReference; lastKnownFileType = sourcecode.swift; path = ViewController.swift; sourceTree = "<group>"; };
		D483C3C62722B643000E9DBE /* Base */ = {isa = PBXFileReference; lastKnownFileType = file.storyboard; name = Base; path = Base.lproj/Main.storyboard; sourceTree = "<group>"; };
		D483C3C92722B643000E9DBE /* DataModel.xcdatamodel */ = {isa = PBXFileReference; lastKnownFileType = wrapper.xcdatamodel; path = DataModel.xcdatamodel; sourceTree = "<group>"; };
		D483C3CB2722B649000E9DBE /* Assets.xcassets */ = {isa = PBXFileReference; lastKnownFileType = folder.assetcatalog; path = Assets.xcassets; sourceTree = "<group>"; };
		D483C3CE2722B649000E9DBE /* Base */ = {isa = PBXFileReference; lastKnownFileType = file.storyboard; name = Base; path = Base.lproj/LaunchScreen.storyboard; sourceTree = "<group>"; };
		D483C3D02722B649000E9DBE /* Info.plist */ = {isa = PBXFileReference; lastKnownFileType = text.plist.xml; path = Info.plist; sourceTree = "<group>"; };
		D483C3D62722C42B000E9DBE /* Comment.swift */ = {isa = PBXFileReference; lastKnownFileType = sourcecode.swift; path = Comment.swift; sourceTree = "<group>"; };
		D483C3D82722C44B000E9DBE /* Person.swift */ = {isa = PBXFileReference; lastKnownFileType = sourcecode.swift; path = Person.swift; sourceTree = "<group>"; };
/* End PBXFileReference section */

/* Begin PBXFrameworksBuildPhase section */
		D483C3B92722B643000E9DBE /* Frameworks */ = {
			isa = PBXFrameworksBuildPhase;
			buildActionMask = 2147483647;
			files = (
			);
			runOnlyForDeploymentPostprocessing = 0;
		};
/* End PBXFrameworksBuildPhase section */

/* Begin PBXGroup section */
		D459CEE627252CAC000B8FDA /* Model */ = {
			isa = PBXGroup;
			children = (
				D459CEE727252CBB000B8FDA /* PersonInfo.swift */,
				D459CEE927252D79000B8FDA /* CommentInfo.swift */,
			);
			path = Model;
			sourceTree = "<group>";
		};
		D483C3B32722B642000E9DBE = {
			isa = PBXGroup;
			children = (
				D483C3BE2722B643000E9DBE /* CoreDataPractice */,
				D483C3BD2722B643000E9DBE /* Products */,
			);
			sourceTree = "<group>";
		};
		D483C3BD2722B643000E9DBE /* Products */ = {
			isa = PBXGroup;
			children = (
				D483C3BC2722B643000E9DBE /* CoreDataPractice.app */,
			);
			name = Products;
			sourceTree = "<group>";
		};
		D483C3BE2722B643000E9DBE /* CoreDataPractice */ = {
			isa = PBXGroup;
			children = (
				D459CEE627252CAC000B8FDA /* Model */,
				D483C3BF2722B643000E9DBE /* AppDelegate.swift */,
				D483C3C12722B643000E9DBE /* SceneDelegate.swift */,
				D483C3C32722B643000E9DBE /* ViewController.swift */,
				D483C3C52722B643000E9DBE /* Main.storyboard */,
				D483C3CB2722B649000E9DBE /* Assets.xcassets */,
				D483C3CD2722B649000E9DBE /* LaunchScreen.storyboard */,
				D483C3D02722B649000E9DBE /* Info.plist */,
				D483C3C82722B643000E9DBE /* DataModel.xcdatamodeld */,
				D483C3D62722C42B000E9DBE /* Comment.swift */,
				D483C3D82722C44B000E9DBE /* Person.swift */,
				D459CEEB2725328D000B8FDA /* InfoTableViewController.swift */,
				D456542627269284001194FA /* InfoTableViewCell.swift */,
			);
			path = CoreDataPractice;
			sourceTree = "<group>";
		};
/* End PBXGroup section */

/* Begin PBXNativeTarget section */
		D483C3BB2722B643000E9DBE /* CoreDataPractice */ = {
			isa = PBXNativeTarget;
			buildConfigurationList = D483C3D32722B649000E9DBE /* Build configuration list for PBXNativeTarget "CoreDataPractice" */;
			buildPhases = (
				D483C3B82722B643000E9DBE /* Sources */,
				D483C3B92722B643000E9DBE /* Frameworks */,
				D483C3BA2722B643000E9DBE /* Resources */,
			);
			buildRules = (
			);
			dependencies = (
			);
			name = CoreDataPractice;
			productName = CoreDataPractice;
			productReference = D483C3BC2722B643000E9DBE /* CoreDataPractice.app */;
			productType = "com.apple.product-type.application";
		};
/* End PBXNativeTarget section */

/* Begin PBXProject section */
		D483C3B42722B642000E9DBE /* Project object */ = {
			isa = PBXProject;
			attributes = {
				LastSwiftUpdateCheck = 1250;
				LastUpgradeCheck = 1250;
				TargetAttributes = {
					D483C3BB2722B643000E9DBE = {
						CreatedOnToolsVersion = 12.5;
					};
				};
			};
			buildConfigurationList = D483C3B72722B642000E9DBE /* Build configuration list for PBXProject "CoreDataPractice" */;
			compatibilityVersion = "Xcode 9.3";
			developmentRegion = en;
			hasScannedForEncodings = 0;
			knownRegions = (
				en,
				Base,
			);
			mainGroup = D483C3B32722B642000E9DBE;
			productRefGroup = D483C3BD2722B643000E9DBE /* Products */;
			projectDirPath = "";
			projectRoot = "";
			targets = (
				D483C3BB2722B643000E9DBE /* CoreDataPractice */,
			);
		};
/* End PBXProject section */

/* Begin PBXResourcesBuildPhase section */
		D483C3BA2722B643000E9DBE /* Resources */ = {
			isa = PBXResourcesBuildPhase;
			buildActionMask = 2147483647;
			files = (
				D483C3CF2722B649000E9DBE /* LaunchScreen.storyboard in Resources */,
				D483C3CC2722B649000E9DBE /* Assets.xcassets in Resources */,
				D483C3C72722B643000E9DBE /* Main.storyboard in Resources */,
			);
			runOnlyForDeploymentPostprocessing = 0;
		};
/* End PBXResourcesBuildPhase section */

/* Begin PBXSourcesBuildPhase section */
		D483C3B82722B643000E9DBE /* Sources */ = {
			isa = PBXSourcesBuildPhase;
			buildActionMask = 2147483647;
			files = (
				D483C3D92722C44B000E9DBE /* Person.swift in Sources */,
				D456542727269284001194FA /* InfoTableViewCell.swift in Sources */,
				D459CEE827252CBB000B8FDA /* PersonInfo.swift in Sources */,
				D483C3D72722C42B000E9DBE /* Comment.swift in Sources */,
				D459CEEC2725328D000B8FDA /* InfoTableViewController.swift in Sources */,
				D459CEEA27252D79000B8FDA /* CommentInfo.swift in Sources */,
				D483C3C42722B643000E9DBE /* ViewController.swift in Sources */,
				D483C3C02722B643000E9DBE /* AppDelegate.swift in Sources */,
				D483C3C22722B643000E9DBE /* SceneDelegate.swift in Sources */,
				D483C3CA2722B643000E9DBE /* DataModel.xcdatamodeld in Sources */,
			);
			runOnlyForDeploymentPostprocessing = 0;
		};
/* End PBXSourcesBuildPhase section */

/* Begin PBXVariantGroup section */
		D483C3C52722B643000E9DBE /* Main.storyboard */ = {
			isa = PBXVariantGroup;
			children = (
				D483C3C62722B643000E9DBE /* Base */,
			);
			name = Main.storyboard;
			sourceTree = "<group>";
		};
		D483C3CD2722B649000E9DBE /* LaunchScreen.storyboard */ = {
			isa = PBXVariantGroup;
			children = (
				D483C3CE2722B649000E9DBE /* Base */,
			);
			name = LaunchScreen.storyboard;
			sourceTree = "<group>";
		};
/* End PBXVariantGroup section */

/* Begin XCBuildConfiguration section */
		D483C3D12722B649000E9DBE /* Debug */ = {
			isa = XCBuildConfiguration;
			buildSettings = {
				ALWAYS_SEARCH_USER_PATHS = NO;
				CLANG_ANALYZER_NONNULL = YES;
				CLANG_ANALYZER_NUMBER_OBJECT_CONVERSION = YES_AGGRESSIVE;
				CLANG_CXX_LANGUAGE_STANDARD = "gnu++14";
				CLANG_CXX_LIBRARY = "libc++";
				CLANG_ENABLE_MODULES = YES;
				CLANG_ENABLE_OBJC_ARC = YES;
				CLANG_ENABLE_OBJC_WEAK = YES;
				CLANG_WARN_BLOCK_CAPTURE_AUTORELEASING = YES;
				CLANG_WARN_BOOL_CONVERSION = YES;
				CLANG_WARN_COMMA = YES;
				CLANG_WARN_CONSTANT_CONVERSION = YES;
				CLANG_WARN_DEPRECATED_OBJC_IMPLEMENTATIONS = YES;
				CLANG_WARN_DIRECT_OBJC_ISA_USAGE = YES_ERROR;
				CLANG_WARN_DOCUMENTATION_COMMENTS = YES;
				CLANG_WARN_EMPTY_BODY = YES;
				CLANG_WARN_ENUM_CONVERSION = YES;
				CLANG_WARN_INFINITE_RECURSION = YES;
				CLANG_WARN_INT_CONVERSION = YES;
				CLANG_WARN_NON_LITERAL_NULL_CONVERSION = YES;
				CLANG_WARN_OBJC_IMPLICIT_RETAIN_SELF = YES;
				CLANG_WARN_OBJC_LITERAL_CONVERSION = YES;
				CLANG_WARN_OBJC_ROOT_CLASS = YES_ERROR;
				CLANG_WARN_QUOTED_INCLUDE_IN_FRAMEWORK_HEADER = YES;
				CLANG_WARN_RANGE_LOOP_ANALYSIS = YES;
				CLANG_WARN_STRICT_PROTOTYPES = YES;
				CLANG_WARN_SUSPICIOUS_MOVE = YES;
				CLANG_WARN_UNGUARDED_AVAILABILITY = YES_AGGRESSIVE;
				CLANG_WARN_UNREACHABLE_CODE = YES;
				CLANG_WARN__DUPLICATE_METHOD_MATCH = YES;
				COPY_PHASE_STRIP = NO;
				DEBUG_INFORMATION_FORMAT = dwarf;
				ENABLE_STRICT_OBJC_MSGSEND = YES;
				ENABLE_TESTABILITY = YES;
				GCC_C_LANGUAGE_STANDARD = gnu11;
				GCC_DYNAMIC_NO_PIC = NO;
				GCC_NO_COMMON_BLOCKS = YES;
				GCC_OPTIMIZATION_LEVEL = 0;
				GCC_PREPROCESSOR_DEFINITIONS = (
					"DEBUG=1",
					"$(inherited)",
				);
				GCC_WARN_64_TO_32_BIT_CONVERSION = YES;
				GCC_WARN_ABOUT_RETURN_TYPE = YES_ERROR;
				GCC_WARN_UNDECLARED_SELECTOR = YES;
				GCC_WARN_UNINITIALIZED_AUTOS = YES_AGGRESSIVE;
				GCC_WARN_UNUSED_FUNCTION = YES;
				GCC_WARN_UNUSED_VARIABLE = YES;
				IPHONEOS_DEPLOYMENT_TARGET = 14.5;
				MTL_ENABLE_DEBUG_INFO = INCLUDE_SOURCE;
				MTL_FAST_MATH = YES;
				ONLY_ACTIVE_ARCH = YES;
				SDKROOT = iphoneos;
				SWIFT_ACTIVE_COMPILATION_CONDITIONS = DEBUG;
				SWIFT_OPTIMIZATION_LEVEL = "-Onone";
			};
			name = Debug;
		};
		D483C3D22722B649000E9DBE /* Release */ = {
			isa = XCBuildConfiguration;
			buildSettings = {
				ALWAYS_SEARCH_USER_PATHS = NO;
				CLANG_ANALYZER_NONNULL = YES;
				CLANG_ANALYZER_NUMBER_OBJECT_CONVERSION = YES_AGGRESSIVE;
				CLANG_CXX_LANGUAGE_STANDARD = "gnu++14";
				CLANG_CXX_LIBRARY = "libc++";
				CLANG_ENABLE_MODULES = YES;
				CLANG_ENABLE_OBJC_ARC = YES;
				CLANG_ENABLE_OBJC_WEAK = YES;
				CLANG_WARN_BLOCK_CAPTURE_AUTORELEASING = YES;
				CLANG_WARN_BOOL_CONVERSION = YES;
				CLANG_WARN_COMMA = YES;
				CLANG_WARN_CONSTANT_CONVERSION = YES;
				CLANG_WARN_DEPRECATED_OBJC_IMPLEMENTATIONS = YES;
				CLANG_WARN_DIRECT_OBJC_ISA_USAGE = YES_ERROR;
				CLANG_WARN_DOCUMENTATION_COMMENTS = YES;
				CLANG_WARN_EMPTY_BODY = YES;
				CLANG_WARN_ENUM_CONVERSION = YES;
				CLANG_WARN_INFINITE_RECURSION = YES;
				CLANG_WARN_INT_CONVERSION = YES;
				CLANG_WARN_NON_LITERAL_NULL_CONVERSION = YES;
				CLANG_WARN_OBJC_IMPLICIT_RETAIN_SELF = YES;
				CLANG_WARN_OBJC_LITERAL_CONVERSION = YES;
				CLANG_WARN_OBJC_ROOT_CLASS = YES_ERROR;
				CLANG_WARN_QUOTED_INCLUDE_IN_FRAMEWORK_HEADER = YES;
				CLANG_WARN_RANGE_LOOP_ANALYSIS = YES;
				CLANG_WARN_STRICT_PROTOTYPES = YES;
				CLANG_WARN_SUSPICIOUS_MOVE = YES;
				CLANG_WARN_UNGUARDED_AVAILABILITY = YES_AGGRESSIVE;
				CLANG_WARN_UNREACHABLE_CODE = YES;
				CLANG_WARN__DUPLICATE_METHOD_MATCH = YES;
				COPY_PHASE_STRIP = NO;
				DEBUG_INFORMATION_FORMAT = "dwarf-with-dsym";
				ENABLE_NS_ASSERTIONS = NO;
				ENABLE_STRICT_OBJC_MSGSEND = YES;
				GCC_C_LANGUAGE_STANDARD = gnu11;
				GCC_NO_COMMON_BLOCKS = YES;
				GCC_WARN_64_TO_32_BIT_CONVERSION = YES;
				GCC_WARN_ABOUT_RETURN_TYPE = YES_ERROR;
				GCC_WARN_UNDECLARED_SELECTOR = YES;
				GCC_WARN_UNINITIALIZED_AUTOS = YES_AGGRESSIVE;
				GCC_WARN_UNUSED_FUNCTION = YES;
				GCC_WARN_UNUSED_VARIABLE = YES;
				IPHONEOS_DEPLOYMENT_TARGET = 14.5;
				MTL_ENABLE_DEBUG_INFO = NO;
				MTL_FAST_MATH = YES;
				SDKROOT = iphoneos;
				SWIFT_COMPILATION_MODE = wholemodule;
				SWIFT_OPTIMIZATION_LEVEL = "-O";
				VALIDATE_PRODUCT = YES;
			};
			name = Release;
		};
		D483C3D42722B649000E9DBE /* Debug */ = {
			isa = XCBuildConfiguration;
			buildSettings = {
				ASSETCATALOG_COMPILER_APPICON_NAME = AppIcon;
				ASSETCATALOG_COMPILER_GLOBAL_ACCENT_COLOR_NAME = AccentColor;
				CODE_SIGN_STYLE = Automatic;
				INFOPLIST_FILE = CoreDataPractice/Info.plist;
				LD_RUNPATH_SEARCH_PATHS = (
					"$(inherited)",
					"@executable_path/Frameworks",
				);
				PRODUCT_BUNDLE_IDENTIFIER = ronick.CoreDataPractice;
				PRODUCT_NAME = "$(TARGET_NAME)";
				SWIFT_VERSION = 5.0;
				TARGETED_DEVICE_FAMILY = "1,2";
			};
			name = Debug;
		};
		D483C3D52722B649000E9DBE /* Release */ = {
			isa = XCBuildConfiguration;
			buildSettings = {
				ASSETCATALOG_COMPILER_APPICON_NAME = AppIcon;
				ASSETCATALOG_COMPILER_GLOBAL_ACCENT_COLOR_NAME = AccentColor;
				CODE_SIGN_STYLE = Automatic;
				INFOPLIST_FILE = CoreDataPractice/Info.plist;
				LD_RUNPATH_SEARCH_PATHS = (
					"$(inherited)",
					"@executable_path/Frameworks",
				);
				PRODUCT_BUNDLE_IDENTIFIER = ronick.CoreDataPractice;
				PRODUCT_NAME = "$(TARGET_NAME)";
				SWIFT_VERSION = 5.0;
				TARGETED_DEVICE_FAMILY = "1,2";
			};
			name = Release;
		};
/* End XCBuildConfiguration section */

/* Begin XCConfigurationList section */
		D483C3B72722B642000E9DBE /* Build configuration list for PBXProject "CoreDataPractice" */ = {
			isa = XCConfigurationList;
			buildConfigurations = (
				D483C3D12722B649000E9DBE /* Debug */,
				D483C3D22722B649000E9DBE /* Release */,
			);
			defaultConfigurationIsVisible = 0;
			defaultConfigurationName = Release;
		};
		D483C3D32722B649000E9DBE /* Build configuration list for PBXNativeTarget "CoreDataPractice" */ = {
			isa = XCConfigurationList;
			buildConfigurations = (
				D483C3D42722B649000E9DBE /* Debug */,
				D483C3D52722B649000E9DBE /* Release */,
			);
			defaultConfigurationIsVisible = 0;
			defaultConfigurationName = Release;
		};
/* End XCConfigurationList section */

/* Begin XCVersionGroup section */
		D483C3C82722B643000E9DBE /* DataModel.xcdatamodeld */ = {
			isa = XCVersionGroup;
			children = (
				D483C3C92722B643000E9DBE /* DataModel.xcdatamodel */,
			);
			currentVersion = D483C3C92722B643000E9DBE /* DataModel.xcdatamodel */;
			path = DataModel.xcdatamodeld;
			sourceTree = "<group>";
			versionGroupType = wrapper.xcdatamodel;
		};
/* End XCVersionGroup section */
	};
	rootObject = D483C3B42722B642000E9DBE /* Project object */;
}
